// !$*UTF8*$!
{
	archiveVersion = 1;
	classes = {
	};
	objectVersion = 52;
	objects = {

/* Begin PBXBuildFile section */
		3B1357FD25C10A1D00FE2667 /* DataController.swift in Sources */ = {isa = PBXBuildFile; fileRef = 3B1357FC25C10A1D00FE2667 /* DataController.swift */; };
		3B13580325C10B7600FE2667 /* DataModel.xcdatamodeld in Sources */ = {isa = PBXBuildFile; fileRef = 3B13580125C10B7600FE2667 /* DataModel.xcdatamodeld */; };
		3B64947125FD855F00514817 /* HitListUITests.swift in Sources */ = {isa = PBXBuildFile; fileRef = 3B64947025FD855F00514817 /* HitListUITests.swift */; };
		3B64947C25FD85B200514817 /* RxSwift in Frameworks */ = {isa = PBXBuildFile; productRef = 3B64947B25FD85B200514817 /* RxSwift */; };
		3B64947E25FD85B200514817 /* RxTest in Frameworks */ = {isa = PBXBuildFile; productRef = 3B64947D25FD85B200514817 /* RxTest */; };
		3B64948025FD85B200514817 /* RxRelay in Frameworks */ = {isa = PBXBuildFile; productRef = 3B64947F25FD85B200514817 /* RxRelay */; };
		3B64948225FD85B200514817 /* RxCocoa in Frameworks */ = {isa = PBXBuildFile; productRef = 3B64948125FD85B200514817 /* RxCocoa */; };
		3B64948425FD85B200514817 /* RxBlocking in Frameworks */ = {isa = PBXBuildFile; productRef = 3B64948325FD85B200514817 /* RxBlocking */; };
		3B64948925FD8B0800514817 /* Item1ViewModel.swift in Sources */ = {isa = PBXBuildFile; fileRef = 3B64948825FD8B0800514817 /* Item1ViewModel.swift */; };
		3B64948E25FD8B6D00514817 /* RxSwift+isAnimating.swift in Sources */ = {isa = PBXBuildFile; fileRef = 3B64948D25FD8B6D00514817 /* RxSwift+isAnimating.swift */; };
		3B64949325FD8C7300514817 /* NVActivityIndicatorView in Frameworks */ = {isa = PBXBuildFile; productRef = 3B64949225FD8C7300514817 /* NVActivityIndicatorView */; };
		3B64949525FD8C7300514817 /* NVActivityIndicatorViewExtended in Frameworks */ = {isa = PBXBuildFile; productRef = 3B64949425FD8C7300514817 /* NVActivityIndicatorViewExtended */; };
		3B64949925FD8C8E00514817 /* UIViewController+startAnimating.swift in Sources */ = {isa = PBXBuildFile; fileRef = 3B64949825FD8C8E00514817 /* UIViewController+startAnimating.swift */; };
		3B7B528625EC69E700D69740 /* VideoPlayerViewController.swift in Sources */ = {isa = PBXBuildFile; fileRef = 3B7B528525EC69E700D69740 /* VideoPlayerViewController.swift */; };
		3B7B528B25EC6B2E00D69740 /* SnapKit in Frameworks */ = {isa = PBXBuildFile; productRef = 3B7B528A25EC6B2E00D69740 /* SnapKit */; };
		3B7B528F25EC723A00D69740 /* test-mp4.mp4 in Resources */ = {isa = PBXBuildFile; fileRef = 3B7B528225EC691400D69740 /* test-mp4.mp4 */; };
		3B7B529625EC791600D69740 /* MainTabBarController.swift in Sources */ = {isa = PBXBuildFile; fileRef = 3B7B529425EC791600D69740 /* MainTabBarController.swift */; };
		3B7B602325C142D1001B8843 /* Person+CoreDataClass.swift in Sources */ = {isa = PBXBuildFile; fileRef = 3B7B601F25C142D1001B8843 /* Person+CoreDataClass.swift */; };
		3B7B602525C142D1001B8843 /* Book+CoreDataClass.swift in Sources */ = {isa = PBXBuildFile; fileRef = 3B7B602125C142D1001B8843 /* Book+CoreDataClass.swift */; };
		3B95EC2625CA8C9A00C798FE /* RedButton.xib in Resources */ = {isa = PBXBuildFile; fileRef = 3B95EC2525CA8C9A00C798FE /* RedButton.xib */; };
		3B95EC2A25CA8CF200C798FE /* RedView.swift in Sources */ = {isa = PBXBuildFile; fileRef = 3B95EC2925CA8CF200C798FE /* RedView.swift */; };
		3B95EC7525CBB0EA00C798FE /* FirstPackage in Frameworks */ = {isa = PBXBuildFile; productRef = 3B95EC7425CBB0EA00C798FE /* FirstPackage */; };
		3B95EC7E25CBB46F00C798FE /* Localization.swift in Sources */ = {isa = PBXBuildFile; fileRef = 3B95EC7D25CBB46F00C798FE /* Localization.swift */; };
		3B95EC8225CBB79300C798FE /* Localizable.strings in Resources */ = {isa = PBXBuildFile; fileRef = 3B95EC8025CBB79300C798FE /* Localizable.strings */; };
		3B95EC8625CBBA2800C798FE /* InfoPlist.strings in Resources */ = {isa = PBXBuildFile; fileRef = 3B95EC8425CBBA2800C798FE /* InfoPlist.strings */; };
		3B95EC8925CBD2D600C798FE /* Book+CoreDataProperties.swift in Sources */ = {isa = PBXBuildFile; fileRef = 3B95EC8825CBD2D600C798FE /* Book+CoreDataProperties.swift */; };
		3B95EC8C25CBD2DD00C798FE /* Person+CoreDataProperties.swift in Sources */ = {isa = PBXBuildFile; fileRef = 3B95EC8B25CBD2DD00C798FE /* Person+CoreDataProperties.swift */; };
		3B95EC9025CBE11C00C798FE /* Utility.swift in Sources */ = {isa = PBXBuildFile; fileRef = 3B95EC8F25CBE11C00C798FE /* Utility.swift */; };
		FE0F14132104CADB0015DF4E /* AppDelegate.swift in Sources */ = {isa = PBXBuildFile; fileRef = FE0F14122104CADB0015DF4E /* AppDelegate.swift */; };
		FE0F14152104CADB0015DF4E /* ViewController.swift in Sources */ = {isa = PBXBuildFile; fileRef = FE0F14142104CADB0015DF4E /* ViewController.swift */; };
		FE0F14182104CADB0015DF4E /* Main.storyboard in Resources */ = {isa = PBXBuildFile; fileRef = FE0F14162104CADB0015DF4E /* Main.storyboard */; };
		FE0F141D2104CADC0015DF4E /* Assets.xcassets in Resources */ = {isa = PBXBuildFile; fileRef = FE0F141C2104CADC0015DF4E /* Assets.xcassets */; };
		FE0F14202104CADC0015DF4E /* LaunchScreen.storyboard in Resources */ = {isa = PBXBuildFile; fileRef = FE0F141E2104CADC0015DF4E /* LaunchScreen.storyboard */; };
/* End PBXBuildFile section */

/* Begin PBXContainerItemProxy section */
		3B64947325FD855F00514817 /* PBXContainerItemProxy */ = {
			isa = PBXContainerItemProxy;
			containerPortal = FE0F14072104CADB0015DF4E /* Project object */;
			proxyType = 1;
			remoteGlobalIDString = FE0F140E2104CADB0015DF4E;
			remoteInfo = HitList;
		};
/* End PBXContainerItemProxy section */

/* Begin PBXFileReference section */
		3B1357FC25C10A1D00FE2667 /* DataController.swift */ = {isa = PBXFileReference; lastKnownFileType = sourcecode.swift; path = DataController.swift; sourceTree = "<group>"; };
		3B13580225C10B7600FE2667 /* DataModel.xcdatamodel */ = {isa = PBXFileReference; lastKnownFileType = wrapper.xcdatamodel; path = DataModel.xcdatamodel; sourceTree = "<group>"; };
		3B64946E25FD855F00514817 /* HitListUITests.xctest */ = {isa = PBXFileReference; explicitFileType = wrapper.cfbundle; includeInIndex = 0; path = HitListUITests.xctest; sourceTree = BUILT_PRODUCTS_DIR; };
		3B64947025FD855F00514817 /* HitListUITests.swift */ = {isa = PBXFileReference; lastKnownFileType = sourcecode.swift; path = HitListUITests.swift; sourceTree = "<group>"; };
		3B64947225FD855F00514817 /* Info.plist */ = {isa = PBXFileReference; lastKnownFileType = text.plist.xml; path = Info.plist; sourceTree = "<group>"; };
		3B64948825FD8B0800514817 /* Item1ViewModel.swift */ = {isa = PBXFileReference; lastKnownFileType = sourcecode.swift; path = Item1ViewModel.swift; sourceTree = "<group>"; };
		3B64948D25FD8B6D00514817 /* RxSwift+isAnimating.swift */ = {isa = PBXFileReference; lastKnownFileType = sourcecode.swift; path = "RxSwift+isAnimating.swift"; sourceTree = "<group>"; };
		3B64949825FD8C8E00514817 /* UIViewController+startAnimating.swift */ = {isa = PBXFileReference; lastKnownFileType = sourcecode.swift; path = "UIViewController+startAnimating.swift"; sourceTree = "<group>"; };
		3B7B527925EB738C00D69740 /* en */ = {isa = PBXFileReference; lastKnownFileType = text.plist.strings; name = en; path = en.lproj/Localizable.strings; sourceTree = "<group>"; };
		3B7B528225EC691400D69740 /* test-mp4.mp4 */ = {isa = PBXFileReference; lastKnownFileType = file; path = "test-mp4.mp4"; sourceTree = "<group>"; };
		3B7B528525EC69E700D69740 /* VideoPlayerViewController.swift */ = {isa = PBXFileReference; lastKnownFileType = sourcecode.swift; path = VideoPlayerViewController.swift; sourceTree = "<group>"; };
		3B7B529225EC768100D69740 /* en */ = {isa = PBXFileReference; lastKnownFileType = text.plist.strings; name = en; path = en.lproj/Main.strings; sourceTree = "<group>"; };
		3B7B529425EC791600D69740 /* MainTabBarController.swift */ = {isa = PBXFileReference; lastKnownFileType = sourcecode.swift; path = MainTabBarController.swift; sourceTree = "<group>"; };
		3B7B601F25C142D1001B8843 /* Person+CoreDataClass.swift */ = {isa = PBXFileReference; lastKnownFileType = sourcecode.swift; path = "Person+CoreDataClass.swift"; sourceTree = "<group>"; };
		3B7B602125C142D1001B8843 /* Book+CoreDataClass.swift */ = {isa = PBXFileReference; lastKnownFileType = sourcecode.swift; path = "Book+CoreDataClass.swift"; sourceTree = "<group>"; };
		3B95EC2525CA8C9A00C798FE /* RedButton.xib */ = {isa = PBXFileReference; lastKnownFileType = file.xib; path = RedButton.xib; sourceTree = "<group>"; };
		3B95EC2925CA8CF200C798FE /* RedView.swift */ = {isa = PBXFileReference; lastKnownFileType = sourcecode.swift; path = RedView.swift; sourceTree = "<group>"; };
		3B95EC7225CBB0DA00C798FE /* FirstPackage */ = {isa = PBXFileReference; lastKnownFileType = folder; name = FirstPackage; path = ../../Developer/MacOS/FirstPackage; sourceTree = "<group>"; };
		3B95EC7A25CBB45F00C798FE /* zh-Hans */ = {isa = PBXFileReference; lastKnownFileType = text.plist.strings; name = "zh-Hans"; path = "zh-Hans.lproj/Main.strings"; sourceTree = "<group>"; };
		3B95EC7B25CBB45F00C798FE /* zh-Hans */ = {isa = PBXFileReference; lastKnownFileType = text.plist.strings; name = "zh-Hans"; path = "zh-Hans.lproj/LaunchScreen.strings"; sourceTree = "<group>"; };
		3B95EC7D25CBB46F00C798FE /* Localization.swift */ = {isa = PBXFileReference; lastKnownFileType = sourcecode.swift; path = Localization.swift; sourceTree = "<group>"; };
		3B95EC8125CBB79300C798FE /* zh-Hans */ = {isa = PBXFileReference; lastKnownFileType = text.plist.strings; name = "zh-Hans"; path = "zh-Hans.lproj/Localizable.strings"; sourceTree = "<group>"; };
		3B95EC8525CBBA2800C798FE /* zh-Hans */ = {isa = PBXFileReference; lastKnownFileType = text.plist.strings; name = "zh-Hans"; path = "zh-Hans.lproj/InfoPlist.strings"; sourceTree = "<group>"; };
		3B95EC8825CBD2D600C798FE /* Book+CoreDataProperties.swift */ = {isa = PBXFileReference; fileEncoding = 4; lastKnownFileType = sourcecode.swift; path = "Book+CoreDataProperties.swift"; sourceTree = "<group>"; };
		3B95EC8B25CBD2DD00C798FE /* Person+CoreDataProperties.swift */ = {isa = PBXFileReference; fileEncoding = 4; lastKnownFileType = sourcecode.swift; path = "Person+CoreDataProperties.swift"; sourceTree = "<group>"; };
		3B95EC8F25CBE11C00C798FE /* Utility.swift */ = {isa = PBXFileReference; lastKnownFileType = sourcecode.swift; path = Utility.swift; sourceTree = "<group>"; };
		FE0F140F2104CADB0015DF4E /* HitList.app */ = {isa = PBXFileReference; explicitFileType = wrapper.application; includeInIndex = 0; path = HitList.app; sourceTree = BUILT_PRODUCTS_DIR; };
		FE0F14122104CADB0015DF4E /* AppDelegate.swift */ = {isa = PBXFileReference; lastKnownFileType = sourcecode.swift; path = AppDelegate.swift; sourceTree = "<group>"; };
		FE0F14142104CADB0015DF4E /* ViewController.swift */ = {isa = PBXFileReference; lastKnownFileType = sourcecode.swift; path = ViewController.swift; sourceTree = "<group>"; };
		FE0F14172104CADB0015DF4E /* Base */ = {isa = PBXFileReference; lastKnownFileType = file.storyboard; name = Base; path = Base.lproj/Main.storyboard; sourceTree = "<group>"; };
		FE0F141C2104CADC0015DF4E /* Assets.xcassets */ = {isa = PBXFileReference; lastKnownFileType = folder.assetcatalog; path = Assets.xcassets; sourceTree = "<group>"; };
		FE0F141F2104CADC0015DF4E /* Base */ = {isa = PBXFileReference; lastKnownFileType = file.storyboard; name = Base; path = Base.lproj/LaunchScreen.storyboard; sourceTree = "<group>"; };
		FE0F14212104CADC0015DF4E /* Info.plist */ = {isa = PBXFileReference; lastKnownFileType = text.plist.xml; path = Info.plist; sourceTree = "<group>"; };
/* End PBXFileReference section */

/* Begin PBXFrameworksBuildPhase section */
		3B64946B25FD855F00514817 /* Frameworks */ = {
			isa = PBXFrameworksBuildPhase;
			buildActionMask = 2147483647;
			files = (
				3B64947E25FD85B200514817 /* RxTest in Frameworks */,
				3B64948425FD85B200514817 /* RxBlocking in Frameworks */,
			);
			runOnlyForDeploymentPostprocessing = 0;
		};
		FE0F140C2104CADB0015DF4E /* Frameworks */ = {
			isa = PBXFrameworksBuildPhase;
			buildActionMask = 2147483647;
			files = (
				3B64949525FD8C7300514817 /* NVActivityIndicatorViewExtended in Frameworks */,
				3B64947C25FD85B200514817 /* RxSwift in Frameworks */,
				3B95EC7525CBB0EA00C798FE /* FirstPackage in Frameworks */,
				3B64949325FD8C7300514817 /* NVActivityIndicatorView in Frameworks */,
				3B64948225FD85B200514817 /* RxCocoa in Frameworks */,
				3B64948025FD85B200514817 /* RxRelay in Frameworks */,
				3B7B528B25EC6B2E00D69740 /* SnapKit in Frameworks */,
			);
			runOnlyForDeploymentPostprocessing = 0;
		};
/* End PBXFrameworksBuildPhase section */

/* Begin PBXGroup section */
		3B1357FB25C10A0A00FE2667 /* Model */ = {
			isa = PBXGroup;
			children = (
				3B13580125C10B7600FE2667 /* DataModel.xcdatamodeld */,
				3B1357FC25C10A1D00FE2667 /* DataController.swift */,
				3B7B601F25C142D1001B8843 /* Person+CoreDataClass.swift */,
				3B95EC8B25CBD2DD00C798FE /* Person+CoreDataProperties.swift */,
				3B7B602125C142D1001B8843 /* Book+CoreDataClass.swift */,
				3B95EC8825CBD2D600C798FE /* Book+CoreDataProperties.swift */,
			);
			path = Model;
			sourceTree = "<group>";
		};
		3B64946F25FD855F00514817 /* HitListUITests */ = {
			isa = PBXGroup;
			children = (
				3B64947025FD855F00514817 /* HitListUITests.swift */,
				3B64947225FD855F00514817 /* Info.plist */,
			);
			path = HitListUITests;
			sourceTree = "<group>";
		};
		3B64948725FD8AF400514817 /* ViewModel */ = {
			isa = PBXGroup;
			children = (
				3B64948825FD8B0800514817 /* Item1ViewModel.swift */,
			);
			path = ViewModel;
			sourceTree = "<group>";
		};
		3B64948C25FD8B5600514817 /* Extension */ = {
			isa = PBXGroup;
			children = (
				3B64948D25FD8B6D00514817 /* RxSwift+isAnimating.swift */,
				3B64949825FD8C8E00514817 /* UIViewController+startAnimating.swift */,
			);
			path = Extension;
			sourceTree = "<group>";
		};
		3B7B528125EC686100D69740 /* Assets */ = {
			isa = PBXGroup;
			children = (
				3B7B528225EC691400D69740 /* test-mp4.mp4 */,
			);
			path = Assets;
			sourceTree = "<group>";
		};
		3B7B528425EC69CF00D69740 /* Screens */ = {
			isa = PBXGroup;
			children = (
				3B7B529425EC791600D69740 /* MainTabBarController.swift */,
				3B7B528525EC69E700D69740 /* VideoPlayerViewController.swift */,
			);
			path = Screens;
			sourceTree = "<group>";
		};
		3B95EC1D25CA890600C798FE /* Frameworks */ = {
			isa = PBXGroup;
			children = (
				3B95EC7225CBB0DA00C798FE /* FirstPackage */,
			);
			name = Frameworks;
			sourceTree = "<group>";
		};
		3B95EC2825CA8CE000C798FE /* Views */ = {
			isa = PBXGroup;
			children = (
				3B95EC2525CA8C9A00C798FE /* RedButton.xib */,
				3B95EC2925CA8CF200C798FE /* RedView.swift */,
			);
			path = Views;
			sourceTree = "<group>";
		};
		3B95EC7925CBB41F00C798FE /* Localization */ = {
			isa = PBXGroup;
			children = (
				3B95EC7D25CBB46F00C798FE /* Localization.swift */,
			);
			path = Localization;
			sourceTree = "<group>";
		};
		3B95EC8E25CBE10E00C798FE /* Utility */ = {
			isa = PBXGroup;
			children = (
				3B95EC8F25CBE11C00C798FE /* Utility.swift */,
			);
			path = Utility;
			sourceTree = "<group>";
		};
		FE0F14062104CADB0015DF4E = {
			isa = PBXGroup;
			children = (
				FE0F14112104CADB0015DF4E /* HitList */,
				3B64946F25FD855F00514817 /* HitListUITests */,
				FE0F14102104CADB0015DF4E /* Products */,
				3B95EC1D25CA890600C798FE /* Frameworks */,
			);
			indentWidth = 2;
			sourceTree = "<group>";
			tabWidth = 2;
		};
		FE0F14102104CADB0015DF4E /* Products */ = {
			isa = PBXGroup;
			children = (
				FE0F140F2104CADB0015DF4E /* HitList.app */,
				3B64946E25FD855F00514817 /* HitListUITests.xctest */,
			);
			name = Products;
			sourceTree = "<group>";
		};
		FE0F14112104CADB0015DF4E /* HitList */ = {
			isa = PBXGroup;
			children = (
				FE0F14212104CADC0015DF4E /* Info.plist */,
				FE0F14122104CADB0015DF4E /* AppDelegate.swift */,
				FE0F14142104CADB0015DF4E /* ViewController.swift */,
				FE0F141C2104CADC0015DF4E /* Assets.xcassets */,
				3B7B528125EC686100D69740 /* Assets */,
				3B95EC8425CBBA2800C798FE /* InfoPlist.strings */,
				FE0F141E2104CADC0015DF4E /* LaunchScreen.storyboard */,
				3B95EC8025CBB79300C798FE /* Localizable.strings */,
				3B95EC7925CBB41F00C798FE /* Localization */,
				FE0F14162104CADB0015DF4E /* Main.storyboard */,
				3B1357FB25C10A0A00FE2667 /* Model */,
				3B7B528425EC69CF00D69740 /* Screens */,
				3B95EC8E25CBE10E00C798FE /* Utility */,
				3B64948C25FD8B5600514817 /* Extension */,
				3B64948725FD8AF400514817 /* ViewModel */,
				3B95EC2825CA8CE000C798FE /* Views */,
			);
			path = HitList;
			sourceTree = "<group>";
		};
/* End PBXGroup section */

/* Begin PBXNativeTarget section */
		3B64946D25FD855F00514817 /* HitListUITests */ = {
			isa = PBXNativeTarget;
			buildConfigurationList = 3B64947525FD855F00514817 /* Build configuration list for PBXNativeTarget "HitListUITests" */;
			buildPhases = (
				3B64946A25FD855F00514817 /* Sources */,
				3B64946B25FD855F00514817 /* Frameworks */,
				3B64946C25FD855F00514817 /* Resources */,
			);
			buildRules = (
			);
			dependencies = (
				3B64947425FD855F00514817 /* PBXTargetDependency */,
			);
			name = HitListUITests;
			packageProductDependencies = (
				3B64947D25FD85B200514817 /* RxTest */,
				3B64948325FD85B200514817 /* RxBlocking */,
			);
			productName = HitListUITests;
			productReference = 3B64946E25FD855F00514817 /* HitListUITests.xctest */;
			productType = "com.apple.product-type.bundle.ui-testing";
		};
		FE0F140E2104CADB0015DF4E /* HitList */ = {
			isa = PBXNativeTarget;
			buildConfigurationList = FE0F14242104CADC0015DF4E /* Build configuration list for PBXNativeTarget "HitList" */;
			buildPhases = (
				FE0F140B2104CADB0015DF4E /* Sources */,
				FE0F140C2104CADB0015DF4E /* Frameworks */,
				FE0F140D2104CADB0015DF4E /* Resources */,
			);
			buildRules = (
			);
			dependencies = (
			);
			name = HitList;
			packageProductDependencies = (
				3B95EC7425CBB0EA00C798FE /* FirstPackage */,
				3B7B528A25EC6B2E00D69740 /* SnapKit */,
				3B64947B25FD85B200514817 /* RxSwift */,
				3B64947F25FD85B200514817 /* RxRelay */,
				3B64948125FD85B200514817 /* RxCocoa */,
				3B64949225FD8C7300514817 /* NVActivityIndicatorView */,
				3B64949425FD8C7300514817 /* NVActivityIndicatorViewExtended */,
			);
			productName = HitList;
			productReference = FE0F140F2104CADB0015DF4E /* HitList.app */;
			productType = "com.apple.product-type.application";
		};
/* End PBXNativeTarget section */

/* Begin PBXProject section */
		FE0F14072104CADB0015DF4E /* Project object */ = {
			isa = PBXProject;
			attributes = {
				LastSwiftUpdateCheck = 1240;
				LastUpgradeCheck = 1240;
				ORGANIZATIONNAME = Razeware;
				TargetAttributes = {
					3B64946D25FD855F00514817 = {
						CreatedOnToolsVersion = 12.4;
						TestTargetID = FE0F140E2104CADB0015DF4E;
					};
					FE0F140E2104CADB0015DF4E = {
						CreatedOnToolsVersion = 10.0;
						LastSwiftMigration = 1240;
					};
				};
			};
			buildConfigurationList = FE0F140A2104CADB0015DF4E /* Build configuration list for PBXProject "HitList" */;
			compatibilityVersion = "Xcode 9.3";
			developmentRegion = en;
			hasScannedForEncodings = 0;
			knownRegions = (
				en,
				Base,
				"zh-Hans",
			);
			mainGroup = FE0F14062104CADB0015DF4E;
			packageReferences = (
				3B7B528925EC6B2E00D69740 /* XCRemoteSwiftPackageReference "SnapKit" */,
				3B64947A25FD85B100514817 /* XCRemoteSwiftPackageReference "RxSwift" */,
				3B64949125FD8C7300514817 /* XCRemoteSwiftPackageReference "NVActivityIndicatorView" */,
			);
			productRefGroup = FE0F14102104CADB0015DF4E /* Products */;
			projectDirPath = "";
			projectRoot = "";
			targets = (
				FE0F140E2104CADB0015DF4E /* HitList */,
				3B64946D25FD855F00514817 /* HitListUITests */,
			);
		};
/* End PBXProject section */

/* Begin PBXResourcesBuildPhase section */
		3B64946C25FD855F00514817 /* Resources */ = {
			isa = PBXResourcesBuildPhase;
			buildActionMask = 2147483647;
			files = (
			);
			runOnlyForDeploymentPostprocessing = 0;
		};
		FE0F140D2104CADB0015DF4E /* Resources */ = {
			isa = PBXResourcesBuildPhase;
			buildActionMask = 2147483647;
			files = (
				3B7B528F25EC723A00D69740 /* test-mp4.mp4 in Resources */,
				3B95EC8225CBB79300C798FE /* Localizable.strings in Resources */,
				3B95EC8625CBBA2800C798FE /* InfoPlist.strings in Resources */,
				FE0F14202104CADC0015DF4E /* LaunchScreen.storyboard in Resources */,
				3B95EC2625CA8C9A00C798FE /* RedButton.xib in Resources */,
				FE0F141D2104CADC0015DF4E /* Assets.xcassets in Resources */,
				FE0F14182104CADB0015DF4E /* Main.storyboard in Resources */,
			);
			runOnlyForDeploymentPostprocessing = 0;
		};
/* End PBXResourcesBuildPhase section */

/* Begin PBXSourcesBuildPhase section */
		3B64946A25FD855F00514817 /* Sources */ = {
			isa = PBXSourcesBuildPhase;
			buildActionMask = 2147483647;
			files = (
				3B64947125FD855F00514817 /* HitListUITests.swift in Sources */,
			);
			runOnlyForDeploymentPostprocessing = 0;
		};
		FE0F140B2104CADB0015DF4E /* Sources */ = {
			isa = PBXSourcesBuildPhase;
			buildActionMask = 2147483647;
			files = (
				3B95EC2A25CA8CF200C798FE /* RedView.swift in Sources */,
				3B1357FD25C10A1D00FE2667 /* DataController.swift in Sources */,
				3B95EC8925CBD2D600C798FE /* Book+CoreDataProperties.swift in Sources */,
				3B95EC9025CBE11C00C798FE /* Utility.swift in Sources */,
				FE0F14152104CADB0015DF4E /* ViewController.swift in Sources */,
				3B7B602525C142D1001B8843 /* Book+CoreDataClass.swift in Sources */,
				3B7B602325C142D1001B8843 /* Person+CoreDataClass.swift in Sources */,
				3B64948E25FD8B6D00514817 /* RxSwift+isAnimating.swift in Sources */,
				3B7B529625EC791600D69740 /* MainTabBarController.swift in Sources */,
				3B95EC8C25CBD2DD00C798FE /* Person+CoreDataProperties.swift in Sources */,
				3B64948925FD8B0800514817 /* Item1ViewModel.swift in Sources */,
				3B13580325C10B7600FE2667 /* DataModel.xcdatamodeld in Sources */,
				3B7B528625EC69E700D69740 /* VideoPlayerViewController.swift in Sources */,
				3B95EC7E25CBB46F00C798FE /* Localization.swift in Sources */,
				3B64949925FD8C8E00514817 /* UIViewController+startAnimating.swift in Sources */,
				FE0F14132104CADB0015DF4E /* AppDelegate.swift in Sources */,
			);
			runOnlyForDeploymentPostprocessing = 0;
		};
/* End PBXSourcesBuildPhase section */

/* Begin PBXTargetDependency section */
		3B64947425FD855F00514817 /* PBXTargetDependency */ = {
			isa = PBXTargetDependency;
			target = FE0F140E2104CADB0015DF4E /* HitList */;
			targetProxy = 3B64947325FD855F00514817 /* PBXContainerItemProxy */;
		};
/* End PBXTargetDependency section */

/* Begin PBXVariantGroup section */
		3B95EC8025CBB79300C798FE /* Localizable.strings */ = {
			isa = PBXVariantGroup;
			children = (
				3B95EC8125CBB79300C798FE /* zh-Hans */,
				3B7B527925EB738C00D69740 /* en */,
			);
			name = Localizable.strings;
			sourceTree = "<group>";
		};
		3B95EC8425CBBA2800C798FE /* InfoPlist.strings */ = {
			isa = PBXVariantGroup;
			children = (
				3B95EC8525CBBA2800C798FE /* zh-Hans */,
			);
			name = InfoPlist.strings;
			sourceTree = "<group>";
		};
		FE0F14162104CADB0015DF4E /* Main.storyboard */ = {
			isa = PBXVariantGroup;
			children = (
				FE0F14172104CADB0015DF4E /* Base */,
				3B95EC7A25CBB45F00C798FE /* zh-Hans */,
				3B7B529225EC768100D69740 /* en */,
			);
			name = Main.storyboard;
			sourceTree = "<group>";
		};
		FE0F141E2104CADC0015DF4E /* LaunchScreen.storyboard */ = {
			isa = PBXVariantGroup;
			children = (
				FE0F141F2104CADC0015DF4E /* Base */,
				3B95EC7B25CBB45F00C798FE /* zh-Hans */,
			);
			name = LaunchScreen.storyboard;
			sourceTree = "<group>";
		};
/* End PBXVariantGroup section */

/* Begin XCBuildConfiguration section */
		3B64947625FD855F00514817 /* Debug */ = {
			isa = XCBuildConfiguration;
			buildSettings = {
				CODE_SIGN_STYLE = Automatic;
				DEVELOPMENT_TEAM = FC879XM38Z;
				INFOPLIST_FILE = HitListUITests/Info.plist;
				IPHONEOS_DEPLOYMENT_TARGET = 14.4;
				LD_RUNPATH_SEARCH_PATHS = (
					"$(inherited)",
					"@executable_path/Frameworks",
					"@loader_path/Frameworks",
				);
				PRODUCT_BUNDLE_IDENTIFIER = com.test.testiOS.HitListUITests;
				PRODUCT_NAME = "$(TARGET_NAME)";
				SWIFT_VERSION = 5.0;
				TARGETED_DEVICE_FAMILY = "1,2";
				TEST_TARGET_NAME = HitList;
			};
			name = Debug;
		};
		3B64947725FD855F00514817 /* Release */ = {
			isa = XCBuildConfiguration;
			buildSettings = {
				CODE_SIGN_STYLE = Automatic;
				DEVELOPMENT_TEAM = FC879XM38Z;
				INFOPLIST_FILE = HitListUITests/Info.plist;
				IPHONEOS_DEPLOYMENT_TARGET = 14.4;
				LD_RUNPATH_SEARCH_PATHS = (
					"$(inherited)",
					"@executable_path/Frameworks",
					"@loader_path/Frameworks",
				);
				PRODUCT_BUNDLE_IDENTIFIER = com.test.testiOS.HitListUITests;
				PRODUCT_NAME = "$(TARGET_NAME)";
				SWIFT_VERSION = 5.0;
				TARGETED_DEVICE_FAMILY = "1,2";
				TEST_TARGET_NAME = HitList;
			};
			name = Release;
		};
		FE0F14222104CADC0015DF4E /* Debug */ = {
			isa = XCBuildConfiguration;
			buildSettings = {
				ALWAYS_SEARCH_USER_PATHS = NO;
				CLANG_ANALYZER_LOCALIZABILITY_NONLOCALIZED = YES;
				CLANG_ANALYZER_NONNULL = YES;
				CLANG_ANALYZER_NUMBER_OBJECT_CONVERSION = YES_AGGRESSIVE;
				CLANG_CXX_LANGUAGE_STANDARD = "gnu++14";
				CLANG_CXX_LIBRARY = "libc++";
				CLANG_ENABLE_MODULES = YES;
				CLANG_ENABLE_OBJC_ARC = YES;
				CLANG_ENABLE_OBJC_WEAK = YES;
				CLANG_WARN_BLOCK_CAPTURE_AUTORELEASING = YES;
				CLANG_WARN_BOOL_CONVERSION = YES;
				CLANG_WARN_COMMA = YES;
				CLANG_WARN_CONSTANT_CONVERSION = YES;
				CLANG_WARN_DEPRECATED_OBJC_IMPLEMENTATIONS = YES;
				CLANG_WARN_DIRECT_OBJC_ISA_USAGE = YES_ERROR;
				CLANG_WARN_DOCUMENTATION_COMMENTS = YES;
				CLANG_WARN_EMPTY_BODY = YES;
				CLANG_WARN_ENUM_CONVERSION = YES;
				CLANG_WARN_INFINITE_RECURSION = YES;
				CLANG_WARN_INT_CONVERSION = YES;
				CLANG_WARN_NON_LITERAL_NULL_CONVERSION = YES;
				CLANG_WARN_OBJC_IMPLICIT_RETAIN_SELF = YES;
				CLANG_WARN_OBJC_LITERAL_CONVERSION = YES;
				CLANG_WARN_OBJC_ROOT_CLASS = YES_ERROR;
				CLANG_WARN_QUOTED_INCLUDE_IN_FRAMEWORK_HEADER = YES;
				CLANG_WARN_RANGE_LOOP_ANALYSIS = YES;
				CLANG_WARN_STRICT_PROTOTYPES = YES;
				CLANG_WARN_SUSPICIOUS_MOVE = YES;
				CLANG_WARN_UNGUARDED_AVAILABILITY = YES_AGGRESSIVE;
				CLANG_WARN_UNREACHABLE_CODE = YES;
				CLANG_WARN__DUPLICATE_METHOD_MATCH = YES;
				CODE_SIGN_IDENTITY = "iPhone Developer";
				COPY_PHASE_STRIP = NO;
				DEBUG_INFORMATION_FORMAT = dwarf;
				ENABLE_STRICT_OBJC_MSGSEND = YES;
				ENABLE_TESTABILITY = YES;
				GCC_C_LANGUAGE_STANDARD = gnu11;
				GCC_DYNAMIC_NO_PIC = NO;
				GCC_NO_COMMON_BLOCKS = YES;
				GCC_OPTIMIZATION_LEVEL = 0;
				GCC_PREPROCESSOR_DEFINITIONS = (
					"DEBUG=1",
					"$(inherited)",
				);
				GCC_WARN_64_TO_32_BIT_CONVERSION = YES;
				GCC_WARN_ABOUT_RETURN_TYPE = YES_ERROR;
				GCC_WARN_UNDECLARED_SELECTOR = YES;
				GCC_WARN_UNINITIALIZED_AUTOS = YES_AGGRESSIVE;
				GCC_WARN_UNUSED_FUNCTION = YES;
				GCC_WARN_UNUSED_VARIABLE = YES;
				IPHONEOS_DEPLOYMENT_TARGET = 12.0;
				MTL_ENABLE_DEBUG_INFO = INCLUDE_SOURCE;
				MTL_FAST_MATH = YES;
				ONLY_ACTIVE_ARCH = YES;
				SDKROOT = iphoneos;
				SWIFT_ACTIVE_COMPILATION_CONDITIONS = DEBUG;
				SWIFT_OPTIMIZATION_LEVEL = "-Onone";
			};
			name = Debug;
		};
		FE0F14232104CADC0015DF4E /* Release */ = {
			isa = XCBuildConfiguration;
			buildSettings = {
				ALWAYS_SEARCH_USER_PATHS = NO;
				CLANG_ANALYZER_LOCALIZABILITY_NONLOCALIZED = YES;
				CLANG_ANALYZER_NONNULL = YES;
				CLANG_ANALYZER_NUMBER_OBJECT_CONVERSION = YES_AGGRESSIVE;
				CLANG_CXX_LANGUAGE_STANDARD = "gnu++14";
				CLANG_CXX_LIBRARY = "libc++";
				CLANG_ENABLE_MODULES = YES;
				CLANG_ENABLE_OBJC_ARC = YES;
				CLANG_ENABLE_OBJC_WEAK = YES;
				CLANG_WARN_BLOCK_CAPTURE_AUTORELEASING = YES;
				CLANG_WARN_BOOL_CONVERSION = YES;
				CLANG_WARN_COMMA = YES;
				CLANG_WARN_CONSTANT_CONVERSION = YES;
				CLANG_WARN_DEPRECATED_OBJC_IMPLEMENTATIONS = YES;
				CLANG_WARN_DIRECT_OBJC_ISA_USAGE = YES_ERROR;
				CLANG_WARN_DOCUMENTATION_COMMENTS = YES;
				CLANG_WARN_EMPTY_BODY = YES;
				CLANG_WARN_ENUM_CONVERSION = YES;
				CLANG_WARN_INFINITE_RECURSION = YES;
				CLANG_WARN_INT_CONVERSION = YES;
				CLANG_WARN_NON_LITERAL_NULL_CONVERSION = YES;
				CLANG_WARN_OBJC_IMPLICIT_RETAIN_SELF = YES;
				CLANG_WARN_OBJC_LITERAL_CONVERSION = YES;
				CLANG_WARN_OBJC_ROOT_CLASS = YES_ERROR;
				CLANG_WARN_QUOTED_INCLUDE_IN_FRAMEWORK_HEADER = YES;
				CLANG_WARN_RANGE_LOOP_ANALYSIS = YES;
				CLANG_WARN_STRICT_PROTOTYPES = YES;
				CLANG_WARN_SUSPICIOUS_MOVE = YES;
				CLANG_WARN_UNGUARDED_AVAILABILITY = YES_AGGRESSIVE;
				CLANG_WARN_UNREACHABLE_CODE = YES;
				CLANG_WARN__DUPLICATE_METHOD_MATCH = YES;
				CODE_SIGN_IDENTITY = "iPhone Developer";
				COPY_PHASE_STRIP = NO;
				DEBUG_INFORMATION_FORMAT = "dwarf-with-dsym";
				ENABLE_NS_ASSERTIONS = NO;
				ENABLE_STRICT_OBJC_MSGSEND = YES;
				GCC_C_LANGUAGE_STANDARD = gnu11;
				GCC_NO_COMMON_BLOCKS = YES;
				GCC_WARN_64_TO_32_BIT_CONVERSION = YES;
				GCC_WARN_ABOUT_RETURN_TYPE = YES_ERROR;
				GCC_WARN_UNDECLARED_SELECTOR = YES;
				GCC_WARN_UNINITIALIZED_AUTOS = YES_AGGRESSIVE;
				GCC_WARN_UNUSED_FUNCTION = YES;
				GCC_WARN_UNUSED_VARIABLE = YES;
				IPHONEOS_DEPLOYMENT_TARGET = 12.0;
				MTL_ENABLE_DEBUG_INFO = NO;
				MTL_FAST_MATH = YES;
				SDKROOT = iphoneos;
				SWIFT_COMPILATION_MODE = wholemodule;
				SWIFT_OPTIMIZATION_LEVEL = "-O";
				VALIDATE_PRODUCT = YES;
			};
			name = Release;
		};
		FE0F14252104CADC0015DF4E /* Debug */ = {
			isa = XCBuildConfiguration;
			buildSettings = {
				ASSETCATALOG_COMPILER_APPICON_NAME = AppIcon;
				CODE_SIGN_STYLE = Automatic;
				DEVELOPMENT_ASSET_PATHS = "";
				ENABLE_TESTING_SEARCH_PATHS = YES;
				EXCLUDED_ARCHS = "";
				GCC_TREAT_WARNINGS_AS_ERRORS = YES;
				INFOPLIST_FILE = HitList/Info.plist;
				LD_RUNPATH_SEARCH_PATHS = (
					"$(inherited)",
					"@executable_path/Frameworks",
				);
				PRODUCT_BUNDLE_IDENTIFIER = com.razeware.HitList;
				PRODUCT_NAME = "$(TARGET_NAME)";
				SWIFT_TREAT_WARNINGS_AS_ERRORS = NO;
				SWIFT_VERSION = 5.0;
				TARGETED_DEVICE_FAMILY = 1;
				TEST_VARIABLE = "this is debug";
			};
			name = Debug;
		};
		FE0F14262104CADC0015DF4E /* Release */ = {
			isa = XCBuildConfiguration;
			buildSettings = {
				ASSETCATALOG_COMPILER_APPICON_NAME = AppIcon;
				CODE_SIGN_STYLE = Automatic;
				DEVELOPMENT_ASSET_PATHS = "";
				ENABLE_TESTING_SEARCH_PATHS = YES;
				INFOPLIST_FILE = HitList/Info.plist;
				LD_RUNPATH_SEARCH_PATHS = (
					"$(inherited)",
					"@executable_path/Frameworks",
				);
				PRODUCT_BUNDLE_IDENTIFIER = com.razeware.HitList;
				PRODUCT_NAME = "$(TARGET_NAME)";
				SWIFT_VERSION = 5.0;
				TARGETED_DEVICE_FAMILY = 1;
				TEST_VARIABLE = "this is release";
			};
			name = Release;
		};
/* End XCBuildConfiguration section */

/* Begin XCConfigurationList section */
		3B64947525FD855F00514817 /* Build configuration list for PBXNativeTarget "HitListUITests" */ = {
			isa = XCConfigurationList;
			buildConfigurations = (
				3B64947625FD855F00514817 /* Debug */,
				3B64947725FD855F00514817 /* Release */,
			);
			defaultConfigurationIsVisible = 0;
			defaultConfigurationName = Release;
		};
		FE0F140A2104CADB0015DF4E /* Build configuration list for PBXProject "HitList" */ = {
			isa = XCConfigurationList;
			buildConfigurations = (
				FE0F14222104CADC0015DF4E /* Debug */,
				FE0F14232104CADC0015DF4E /* Release */,
			);
			defaultConfigurationIsVisible = 0;
			defaultConfigurationName = Release;
		};
		FE0F14242104CADC0015DF4E /* Build configuration list for PBXNativeTarget "HitList" */ = {
			isa = XCConfigurationList;
			buildConfigurations = (
				FE0F14252104CADC0015DF4E /* Debug */,
				FE0F14262104CADC0015DF4E /* Release */,
			);
			defaultConfigurationIsVisible = 0;
			defaultConfigurationName = Release;
		};
/* End XCConfigurationList section */

/* Begin XCRemoteSwiftPackageReference section */
		3B64947A25FD85B100514817 /* XCRemoteSwiftPackageReference "RxSwift" */ = {
			isa = XCRemoteSwiftPackageReference;
			repositoryURL = "git@github.com:ReactiveX/RxSwift.git";
			requirement = {
				kind = upToNextMajorVersion;
				minimumVersion = 6.1.0;
			};
		};
		3B64949125FD8C7300514817 /* XCRemoteSwiftPackageReference "NVActivityIndicatorView" */ = {
			isa = XCRemoteSwiftPackageReference;
			repositoryURL = "git@github.com:ninjaprox/NVActivityIndicatorView.git";
			requirement = {
				kind = upToNextMajorVersion;
				minimumVersion = 5.1.1;
			};
		};
		3B7B528925EC6B2E00D69740 /* XCRemoteSwiftPackageReference "SnapKit" */ = {
			isa = XCRemoteSwiftPackageReference;
			repositoryURL = "https://github.com/SnapKit/SnapKit.git";
			requirement = {
				kind = upToNextMajorVersion;
				minimumVersion = 5.0.1;
			};
		};
/* End XCRemoteSwiftPackageReference section */

/* Begin XCSwiftPackageProductDependency section */
		3B64947B25FD85B200514817 /* RxSwift */ = {
			isa = XCSwiftPackageProductDependency;
			package = 3B64947A25FD85B100514817 /* XCRemoteSwiftPackageReference "RxSwift" */;
			productName = RxSwift;
		};
		3B64947D25FD85B200514817 /* RxTest */ = {
			isa = XCSwiftPackageProductDependency;
			package = 3B64947A25FD85B100514817 /* XCRemoteSwiftPackageReference "RxSwift" */;
			productName = RxTest;
		};
		3B64947F25FD85B200514817 /* RxRelay */ = {
			isa = XCSwiftPackageProductDependency;
			package = 3B64947A25FD85B100514817 /* XCRemoteSwiftPackageReference "RxSwift" */;
			productName = RxRelay;
		};
		3B64948125FD85B200514817 /* RxCocoa */ = {
			isa = XCSwiftPackageProductDependency;
			package = 3B64947A25FD85B100514817 /* XCRemoteSwiftPackageReference "RxSwift" */;
			productName = RxCocoa;
		};
		3B64948325FD85B200514817 /* RxBlocking */ = {
			isa = XCSwiftPackageProductDependency;
			package = 3B64947A25FD85B100514817 /* XCRemoteSwiftPackageReference "RxSwift" */;
			productName = RxBlocking;
		};
		3B64949225FD8C7300514817 /* NVActivityIndicatorView */ = {
			isa = XCSwiftPackageProductDependency;
			package = 3B64949125FD8C7300514817 /* XCRemoteSwiftPackageReference "NVActivityIndicatorView" */;
			productName = NVActivityIndicatorView;
		};
		3B64949425FD8C7300514817 /* NVActivityIndicatorViewExtended */ = {
			isa = XCSwiftPackageProductDependency;
			package = 3B64949125FD8C7300514817 /* XCRemoteSwiftPackageReference "NVActivityIndicatorView" */;
			productName = NVActivityIndicatorViewExtended;
		};
		3B7B528A25EC6B2E00D69740 /* SnapKit */ = {
			isa = XCSwiftPackageProductDependency;
			package = 3B7B528925EC6B2E00D69740 /* XCRemoteSwiftPackageReference "SnapKit" */;
			productName = SnapKit;
		};
		3B95EC7425CBB0EA00C798FE /* FirstPackage */ = {
			isa = XCSwiftPackageProductDependency;
			productName = FirstPackage;
		};
/* End XCSwiftPackageProductDependency section */

/* Begin XCVersionGroup section */
		3B13580125C10B7600FE2667 /* DataModel.xcdatamodeld */ = {
			isa = XCVersionGroup;
			children = (
				3B13580225C10B7600FE2667 /* DataModel.xcdatamodel */,
			);
			currentVersion = 3B13580225C10B7600FE2667 /* DataModel.xcdatamodel */;
			path = DataModel.xcdatamodeld;
			sourceTree = "<group>";
			versionGroupType = wrapper.xcdatamodel;
		};
/* End XCVersionGroup section */
	};
	rootObject = FE0F14072104CADB0015DF4E /* Project object */;
}
